// !$*UTF8*$!
{
	archiveVersion = 1;
	classes = {
	};
	objectVersion = 56;
	objects = {

/* Begin PBXBuildFile section */
		110412A22ADBFFE800E15B86 /* DragState.swift in Sources */ = {isa = PBXBuildFile; fileRef = 110412A12ADBFFE800E15B86 /* DragState.swift */; };
		110412A42ADC000C00E15B86 /* DragableObject.swift in Sources */ = {isa = PBXBuildFile; fileRef = 110412A32ADC000C00E15B86 /* DragableObject.swift */; };
		110412A62ADC003500E15B86 /* DropAreaOverlay.swift in Sources */ = {isa = PBXBuildFile; fileRef = 110412A52ADC003500E15B86 /* DropAreaOverlay.swift */; };
		110412A82ADC006800E15B86 /* DropReceivableObservableObject.swift in Sources */ = {isa = PBXBuildFile; fileRef = 110412A72ADC006800E15B86 /* DropReceivableObservableObject.swift */; };
		110412AA2ADC007E00E15B86 /* DropReceiver.swift in Sources */ = {isa = PBXBuildFile; fileRef = 110412A92ADC007E00E15B86 /* DropReceiver.swift */; };
		110412AC2ADC00A100E15B86 /* Utility+onRotate.swift in Sources */ = {isa = PBXBuildFile; fileRef = 110412AB2ADC00A100E15B86 /* Utility+onRotate.swift */; };
		1152D0532AC260490067AE02 /* FontUtils.swift in Sources */ = {isa = PBXBuildFile; fileRef = 1152D0522AC260490067AE02 /* FontUtils.swift */; };
		1152D0552AC260CC0067AE02 /* Color+extensions.swift in Sources */ = {isa = PBXBuildFile; fileRef = 1152D0542AC260CC0067AE02 /* Color+extensions.swift */; };
		1152D0592AC263F20067AE02 /* Localizable.strings in Resources */ = {isa = PBXBuildFile; fileRef = 1152D05B2AC263F20067AE02 /* Localizable.strings */; };
		1152D05E2AC264F10067AE02 /* AppDefaultButton.swift in Sources */ = {isa = PBXBuildFile; fileRef = 1152D05D2AC264F10067AE02 /* AppDefaultButton.swift */; };
		1152D0612AC3B4C70067AE02 /* HomeView.swift in Sources */ = {isa = PBXBuildFile; fileRef = 1152D0602AC3B4C70067AE02 /* HomeView.swift */; };
		1152D0632AC3BA830067AE02 /* PaddingConsts.swift in Sources */ = {isa = PBXBuildFile; fileRef = 1152D0622AC3BA830067AE02 /* PaddingConsts.swift */; };
		1152D0652AC501E40067AE02 /* GarbageUtils.swift in Sources */ = {isa = PBXBuildFile; fileRef = 1152D0642AC501E40067AE02 /* GarbageUtils.swift */; };
		1152D0682AC507E80067AE02 /* SDWebImageSwiftUI in Frameworks */ = {isa = PBXBuildFile; productRef = 1152D0672AC507E80067AE02 /* SDWebImageSwiftUI */; };
		1152D06A2AC50A350067AE02 /* MainView.swift in Sources */ = {isa = PBXBuildFile; fileRef = 1152D0692AC50A350067AE02 /* MainView.swift */; };
		1152D06C2AC7A3280067AE02 /* CollectionScheduleView.swift in Sources */ = {isa = PBXBuildFile; fileRef = 1152D06B2AC7A3280067AE02 /* CollectionScheduleView.swift */; };
		1152D06E2AC7AAF40067AE02 /* DropOffLocationsView.swift in Sources */ = {isa = PBXBuildFile; fileRef = 1152D06D2AC7AAF40067AE02 /* DropOffLocationsView.swift */; };
		1152D0712AC8E0D20067AE02 /* SettingsView.swift in Sources */ = {isa = PBXBuildFile; fileRef = 1152D0702AC8E0D20067AE02 /* SettingsView.swift */; };
		1152D0732AC8E4050067AE02 /* InviteFriendView.swift in Sources */ = {isa = PBXBuildFile; fileRef = 1152D0722AC8E4050067AE02 /* InviteFriendView.swift */; };
		116C1C222AC9AF1C0006879F /* FeedbackView.swift in Sources */ = {isa = PBXBuildFile; fileRef = 116C1C212AC9AF1C0006879F /* FeedbackView.swift */; };
		116C1C242AC9B37C0006879F /* Strings+extensions.swift in Sources */ = {isa = PBXBuildFile; fileRef = 116C1C232AC9B37C0006879F /* Strings+extensions.swift */; };
		116C1C262AC9B5A40006879F /* AppDefaultTextFieldView.swift in Sources */ = {isa = PBXBuildFile; fileRef = 116C1C252AC9B5A40006879F /* AppDefaultTextFieldView.swift */; };
		116C1C2A2ACA0B010006879F /* ContactUsView.swift in Sources */ = {isa = PBXBuildFile; fileRef = 116C1C292ACA0B010006879F /* ContactUsView.swift */; };
		116C1C2C2ACA10EF0006879F /* AboutUsView.swift in Sources */ = {isa = PBXBuildFile; fileRef = 116C1C2B2ACA10EF0006879F /* AboutUsView.swift */; };
		116C1C2E2ACA13980006879F /* ReportProblemView.swift in Sources */ = {isa = PBXBuildFile; fileRef = 116C1C2D2ACA13980006879F /* ReportProblemView.swift */; };
		116C1C302ACA19000006879F /* GarbageDetailsView.swift in Sources */ = {isa = PBXBuildFile; fileRef = 116C1C2F2ACA19000006879F /* GarbageDetailsView.swift */; };
		116C1C332ACA24DC0006879F /* GamesListView.swift in Sources */ = {isa = PBXBuildFile; fileRef = 116C1C322ACA24DC0006879F /* GamesListView.swift */; };
		116C1C352ACA26EB0006879F /* SearchListView.swift in Sources */ = {isa = PBXBuildFile; fileRef = 116C1C342ACA26EB0006879F /* SearchListView.swift */; };
		116C1C372ACB97F30006879F /* AppDefaultNotButton.swift in Sources */ = {isa = PBXBuildFile; fileRef = 116C1C362ACB97F30006879F /* AppDefaultNotButton.swift */; };
		116C1C3A2ACC27D80006879F /* BinitApi.swift in Sources */ = {isa = PBXBuildFile; fileRef = 116C1C392ACC27D80006879F /* BinitApi.swift */; };
		116C1C3D2ACC28280006879F /* BinitRepository.swift in Sources */ = {isa = PBXBuildFile; fileRef = 116C1C3C2ACC28280006879F /* BinitRepository.swift */; };
		116C1C402ACE39A40006879F /* Alamofire in Frameworks */ = {isa = PBXBuildFile; productRef = 116C1C3F2ACE39A40006879F /* Alamofire */; };
		116C1C432ACE3AE50006879F /* CombineMoya in Frameworks */ = {isa = PBXBuildFile; productRef = 116C1C422ACE3AE50006879F /* CombineMoya */; };
		116C1C452ACE3AE50006879F /* Moya in Frameworks */ = {isa = PBXBuildFile; productRef = 116C1C442ACE3AE50006879F /* Moya */; };
		116C1C472ACE3AE50006879F /* ReactiveMoya in Frameworks */ = {isa = PBXBuildFile; productRef = 116C1C462ACE3AE50006879F /* ReactiveMoya */; };
		116C1C492ACE3AE50006879F /* RxMoya in Frameworks */ = {isa = PBXBuildFile; productRef = 116C1C482ACE3AE50006879F /* RxMoya */; };
		116C1C4D2ACE3D2C0006879F /* SuggestRequest.swift in Sources */ = {isa = PBXBuildFile; fileRef = 116C1C4C2ACE3D2C0006879F /* SuggestRequest.swift */; };
		116C1C4F2ACE3FD40006879F /* BinitRoutes.swift in Sources */ = {isa = PBXBuildFile; fileRef = 116C1C4E2ACE3FD40006879F /* BinitRoutes.swift */; };
		116C1C512ACE40670006879F /* BError.swift in Sources */ = {isa = PBXBuildFile; fileRef = 116C1C502ACE40670006879F /* BError.swift */; };
		116C1C532ACE40D30006879F /* BinitGenerics.swift in Sources */ = {isa = PBXBuildFile; fileRef = 116C1C522ACE40D30006879F /* BinitGenerics.swift */; };
		116C1C562ACE41970006879F /* Article.swift in Sources */ = {isa = PBXBuildFile; fileRef = 116C1C552ACE41970006879F /* Article.swift */; };
		119270CB2AD774B50021E109 /* DragDropGameView.swift in Sources */ = {isa = PBXBuildFile; fileRef = 119270CA2AD774B50021E109 /* DragDropGameView.swift */; };
		11B87CD32AD0DF840057783B /* Product.swift in Sources */ = {isa = PBXBuildFile; fileRef = 11B87CD22AD0DF840057783B /* Product.swift */; };
		11B87CD52AD0E01E0057783B /* QuickSearch.swift in Sources */ = {isa = PBXBuildFile; fileRef = 11B87CD42AD0E01E0057783B /* QuickSearch.swift */; };
		11B87CD72AD0E1010057783B /* GarbageCategory.swift in Sources */ = {isa = PBXBuildFile; fileRef = 11B87CD62AD0E1010057783B /* GarbageCategory.swift */; };
		11B87CD92AD0E2230057783B /* RecycleType.swift in Sources */ = {isa = PBXBuildFile; fileRef = 11B87CD82AD0E2230057783B /* RecycleType.swift */; };
		11B87CDB2AD0E3580057783B /* QuizObject.swift in Sources */ = {isa = PBXBuildFile; fileRef = 11B87CDA2AD0E3580057783B /* QuizObject.swift */; };
		11B87CDE2AD16DC50057783B /* MainViewModel.swift in Sources */ = {isa = PBXBuildFile; fileRef = 11B87CDD2AD16DC50057783B /* MainViewModel.swift */; };
		11D1E5942AE5CA5B005C08C2 /* Fonts in Resources */ = {isa = PBXBuildFile; fileRef = 11D1E5932AE5CA5B005C08C2 /* Fonts */; };
		11DE11292AD414C5008812F8 /* QuizGameView.swift in Sources */ = {isa = PBXBuildFile; fileRef = 11DE11282AD414C5008812F8 /* QuizGameView.swift */; };
		11DE112B2AD438A9008812F8 /* GameUtils.swift in Sources */ = {isa = PBXBuildFile; fileRef = 11DE112A2AD438A9008812F8 /* GameUtils.swift */; };
		11EACF082ADC8A1B00A51736 /* UIScreen+extensions.swift in Sources */ = {isa = PBXBuildFile; fileRef = 11EACF072ADC8A1B00A51736 /* UIScreen+extensions.swift */; };
		11EAD76B2AE47905001AC2BC /* Shake+extensions.swift in Sources */ = {isa = PBXBuildFile; fileRef = 11EAD76A2AE47905001AC2BC /* Shake+extensions.swift */; };
		11EAD76D2AE4803D001AC2BC /* AppSettings.swift in Sources */ = {isa = PBXBuildFile; fileRef = 11EAD76C2AE4803D001AC2BC /* AppSettings.swift */; };
		11EAD76F2AE48281001AC2BC /* SharingSuccessDialogView.swift in Sources */ = {isa = PBXBuildFile; fileRef = 11EAD76E2AE48281001AC2BC /* SharingSuccessDialogView.swift */; };
		11EAD7732AE485F6001AC2BC /* View+extension.swift in Sources */ = {isa = PBXBuildFile; fileRef = 11EAD7722AE485F6001AC2BC /* View+extension.swift */; };
		11EAD7772AE48B73001AC2BC /* AppStoreReviewUtils.swift in Sources */ = {isa = PBXBuildFile; fileRef = 11EAD7762AE48B73001AC2BC /* AppStoreReviewUtils.swift */; };
		11F6202A2AC25A03005FB2EC /* BinitApp.swift in Sources */ = {isa = PBXBuildFile; fileRef = 11F620292AC25A03005FB2EC /* BinitApp.swift */; };
		11F6202C2AC25A03005FB2EC /* ContentView.swift in Sources */ = {isa = PBXBuildFile; fileRef = 11F6202B2AC25A03005FB2EC /* ContentView.swift */; };
		11F6202E2AC25A06005FB2EC /* Assets.xcassets in Resources */ = {isa = PBXBuildFile; fileRef = 11F6202D2AC25A06005FB2EC /* Assets.xcassets */; };
		11F620312AC25A06005FB2EC /* Preview Assets.xcassets in Resources */ = {isa = PBXBuildFile; fileRef = 11F620302AC25A06005FB2EC /* Preview Assets.xcassets */; };
		11F6203B2AC25A06005FB2EC /* BinitTests.swift in Sources */ = {isa = PBXBuildFile; fileRef = 11F6203A2AC25A06005FB2EC /* BinitTests.swift */; };
		11F620452AC25A06005FB2EC /* BinitUITests.swift in Sources */ = {isa = PBXBuildFile; fileRef = 11F620442AC25A06005FB2EC /* BinitUITests.swift */; };
		11F620472AC25A06005FB2EC /* BinitUITestsLaunchTests.swift in Sources */ = {isa = PBXBuildFile; fileRef = 11F620462AC25A06005FB2EC /* BinitUITestsLaunchTests.swift */; };
		11F6205B2AC25AEC005FB2EC /* SplashScreenView.swift in Sources */ = {isa = PBXBuildFile; fileRef = 11F6205A2AC25AEC005FB2EC /* SplashScreenView.swift */; };
		11F6205D2AC25BE8005FB2EC /* LandingView.swift in Sources */ = {isa = PBXBuildFile; fileRef = 11F6205C2AC25BE8005FB2EC /* LandingView.swift */; };
		11F923BC2AD2E7B9002B40FD /* ViewUtils.swift in Sources */ = {isa = PBXBuildFile; fileRef = 11F923BB2AD2E7B9002B40FD /* ViewUtils.swift */; };
		11F923BE2AD2F7C6002B40FD /* AttributedTextView.swift in Sources */ = {isa = PBXBuildFile; fileRef = 11F923BD2AD2F7C6002B40FD /* AttributedTextView.swift */; };
		11F923C02AD2F8BB002B40FD /* ArticleDetailsView.swift in Sources */ = {isa = PBXBuildFile; fileRef = 11F923BF2AD2F8BB002B40FD /* ArticleDetailsView.swift */; };
		11F923C22AD301FA002B40FD /* SuggestionsConts.swift in Sources */ = {isa = PBXBuildFile; fileRef = 11F923C12AD301FA002B40FD /* SuggestionsConts.swift */; };
		11F923C42AD304A9002B40FD /* SearchViewModel.swift in Sources */ = {isa = PBXBuildFile; fileRef = 11F923C32AD304A9002B40FD /* SearchViewModel.swift */; };
		11F923C72AD35C7D002B40FD /* FirebaseAnalytics in Frameworks */ = {isa = PBXBuildFile; productRef = 11F923C62AD35C7D002B40FD /* FirebaseAnalytics */; };
		11F923C92AD35C7D002B40FD /* FirebaseAuth in Frameworks */ = {isa = PBXBuildFile; productRef = 11F923C82AD35C7D002B40FD /* FirebaseAuth */; };
		11F923CB2AD35C7D002B40FD /* FirebaseCrashlytics in Frameworks */ = {isa = PBXBuildFile; productRef = 11F923CA2AD35C7D002B40FD /* FirebaseCrashlytics */; };
		11F923CD2AD35C7D002B40FD /* FirebaseStorage in Frameworks */ = {isa = PBXBuildFile; productRef = 11F923CC2AD35C7D002B40FD /* FirebaseStorage */; };
		11F923CF2AD35CA5002B40FD /* FirebaseUtils.swift in Sources */ = {isa = PBXBuildFile; fileRef = 11F923CE2AD35CA5002B40FD /* FirebaseUtils.swift */; };
		11F923D12AD35E50002B40FD /* Utils.swift in Sources */ = {isa = PBXBuildFile; fileRef = 11F923D02AD35E50002B40FD /* Utils.swift */; };
		11F923D32AD368D7002B40FD /* AppIndicatorView.swift in Sources */ = {isa = PBXBuildFile; fileRef = 11F923D22AD368D7002B40FD /* AppIndicatorView.swift */; };
		11F923D52AD369F5002B40FD /* GoogleService-Info.plist in Resources */ = {isa = PBXBuildFile; fileRef = 11F923D42AD369F5002B40FD /* GoogleService-Info.plist */; };
/* End PBXBuildFile section */

/* Begin PBXContainerItemProxy section */
		11F620372AC25A06005FB2EC /* PBXContainerItemProxy */ = {
			isa = PBXContainerItemProxy;
			containerPortal = 11F6201E2AC25A03005FB2EC /* Project object */;
			proxyType = 1;
			remoteGlobalIDString = 11F620252AC25A03005FB2EC;
			remoteInfo = Binit;
		};
		11F620412AC25A06005FB2EC /* PBXContainerItemProxy */ = {
			isa = PBXContainerItemProxy;
			containerPortal = 11F6201E2AC25A03005FB2EC /* Project object */;
			proxyType = 1;
			remoteGlobalIDString = 11F620252AC25A03005FB2EC;
			remoteInfo = Binit;
		};
/* End PBXContainerItemProxy section */

/* Begin PBXFileReference section */
		110412A12ADBFFE800E15B86 /* DragState.swift */ = {isa = PBXFileReference; lastKnownFileType = sourcecode.swift; path = DragState.swift; sourceTree = "<group>"; };
		110412A32ADC000C00E15B86 /* DragableObject.swift */ = {isa = PBXFileReference; lastKnownFileType = sourcecode.swift; path = DragableObject.swift; sourceTree = "<group>"; };
		110412A52ADC003500E15B86 /* DropAreaOverlay.swift */ = {isa = PBXFileReference; lastKnownFileType = sourcecode.swift; path = DropAreaOverlay.swift; sourceTree = "<group>"; };
		110412A72ADC006800E15B86 /* DropReceivableObservableObject.swift */ = {isa = PBXFileReference; lastKnownFileType = sourcecode.swift; path = DropReceivableObservableObject.swift; sourceTree = "<group>"; };
		110412A92ADC007E00E15B86 /* DropReceiver.swift */ = {isa = PBXFileReference; lastKnownFileType = sourcecode.swift; path = DropReceiver.swift; sourceTree = "<group>"; };
		110412AB2ADC00A100E15B86 /* Utility+onRotate.swift */ = {isa = PBXFileReference; lastKnownFileType = sourcecode.swift; path = "Utility+onRotate.swift"; sourceTree = "<group>"; };
		1152D0522AC260490067AE02 /* FontUtils.swift */ = {isa = PBXFileReference; lastKnownFileType = sourcecode.swift; path = FontUtils.swift; sourceTree = "<group>"; };
		1152D0542AC260CC0067AE02 /* Color+extensions.swift */ = {isa = PBXFileReference; lastKnownFileType = sourcecode.swift; path = "Color+extensions.swift"; sourceTree = "<group>"; };
		1152D05A2AC263F20067AE02 /* en */ = {isa = PBXFileReference; lastKnownFileType = text.plist.strings; name = en; path = en.lproj/Localizable.strings; sourceTree = "<group>"; };
		1152D05D2AC264F10067AE02 /* AppDefaultButton.swift */ = {isa = PBXFileReference; lastKnownFileType = sourcecode.swift; path = AppDefaultButton.swift; sourceTree = "<group>"; };
		1152D0602AC3B4C70067AE02 /* HomeView.swift */ = {isa = PBXFileReference; lastKnownFileType = sourcecode.swift; path = HomeView.swift; sourceTree = "<group>"; };
		1152D0622AC3BA830067AE02 /* PaddingConsts.swift */ = {isa = PBXFileReference; lastKnownFileType = sourcecode.swift; path = PaddingConsts.swift; sourceTree = "<group>"; };
		1152D0642AC501E40067AE02 /* GarbageUtils.swift */ = {isa = PBXFileReference; lastKnownFileType = sourcecode.swift; path = GarbageUtils.swift; sourceTree = "<group>"; };
		1152D0692AC50A350067AE02 /* MainView.swift */ = {isa = PBXFileReference; lastKnownFileType = sourcecode.swift; path = MainView.swift; sourceTree = "<group>"; };
		1152D06B2AC7A3280067AE02 /* CollectionScheduleView.swift */ = {isa = PBXFileReference; lastKnownFileType = sourcecode.swift; path = CollectionScheduleView.swift; sourceTree = "<group>"; };
		1152D06D2AC7AAF40067AE02 /* DropOffLocationsView.swift */ = {isa = PBXFileReference; lastKnownFileType = sourcecode.swift; path = DropOffLocationsView.swift; sourceTree = "<group>"; };
		1152D0702AC8E0D20067AE02 /* SettingsView.swift */ = {isa = PBXFileReference; lastKnownFileType = sourcecode.swift; path = SettingsView.swift; sourceTree = "<group>"; };
		1152D0722AC8E4050067AE02 /* InviteFriendView.swift */ = {isa = PBXFileReference; lastKnownFileType = sourcecode.swift; path = InviteFriendView.swift; sourceTree = "<group>"; };
		116C1C212AC9AF1C0006879F /* FeedbackView.swift */ = {isa = PBXFileReference; lastKnownFileType = sourcecode.swift; path = FeedbackView.swift; sourceTree = "<group>"; };
		116C1C232AC9B37C0006879F /* Strings+extensions.swift */ = {isa = PBXFileReference; lastKnownFileType = sourcecode.swift; path = "Strings+extensions.swift"; sourceTree = "<group>"; };
		116C1C252AC9B5A40006879F /* AppDefaultTextFieldView.swift */ = {isa = PBXFileReference; lastKnownFileType = sourcecode.swift; path = AppDefaultTextFieldView.swift; sourceTree = "<group>"; };
		116C1C292ACA0B010006879F /* ContactUsView.swift */ = {isa = PBXFileReference; lastKnownFileType = sourcecode.swift; path = ContactUsView.swift; sourceTree = "<group>"; };
		116C1C2B2ACA10EF0006879F /* AboutUsView.swift */ = {isa = PBXFileReference; lastKnownFileType = sourcecode.swift; path = AboutUsView.swift; sourceTree = "<group>"; };
		116C1C2D2ACA13980006879F /* ReportProblemView.swift */ = {isa = PBXFileReference; lastKnownFileType = sourcecode.swift; path = ReportProblemView.swift; sourceTree = "<group>"; };
		116C1C2F2ACA19000006879F /* GarbageDetailsView.swift */ = {isa = PBXFileReference; lastKnownFileType = sourcecode.swift; path = GarbageDetailsView.swift; sourceTree = "<group>"; };
		116C1C322ACA24DC0006879F /* GamesListView.swift */ = {isa = PBXFileReference; lastKnownFileType = sourcecode.swift; path = GamesListView.swift; sourceTree = "<group>"; };
		116C1C342ACA26EB0006879F /* SearchListView.swift */ = {isa = PBXFileReference; lastKnownFileType = sourcecode.swift; path = SearchListView.swift; sourceTree = "<group>"; };
		116C1C362ACB97F30006879F /* AppDefaultNotButton.swift */ = {isa = PBXFileReference; lastKnownFileType = sourcecode.swift; path = AppDefaultNotButton.swift; sourceTree = "<group>"; };
		116C1C392ACC27D80006879F /* BinitApi.swift */ = {isa = PBXFileReference; lastKnownFileType = sourcecode.swift; path = BinitApi.swift; sourceTree = "<group>"; };
		116C1C3C2ACC28280006879F /* BinitRepository.swift */ = {isa = PBXFileReference; lastKnownFileType = sourcecode.swift; path = BinitRepository.swift; sourceTree = "<group>"; };
		116C1C4C2ACE3D2C0006879F /* SuggestRequest.swift */ = {isa = PBXFileReference; lastKnownFileType = sourcecode.swift; path = SuggestRequest.swift; sourceTree = "<group>"; };
		116C1C4E2ACE3FD40006879F /* BinitRoutes.swift */ = {isa = PBXFileReference; lastKnownFileType = sourcecode.swift; path = BinitRoutes.swift; sourceTree = "<group>"; };
		116C1C502ACE40670006879F /* BError.swift */ = {isa = PBXFileReference; lastKnownFileType = sourcecode.swift; path = BError.swift; sourceTree = "<group>"; };
		116C1C522ACE40D30006879F /* BinitGenerics.swift */ = {isa = PBXFileReference; lastKnownFileType = sourcecode.swift; path = BinitGenerics.swift; sourceTree = "<group>"; };
		116C1C552ACE41970006879F /* Article.swift */ = {isa = PBXFileReference; lastKnownFileType = sourcecode.swift; path = Article.swift; sourceTree = "<group>"; };
		119270CA2AD774B50021E109 /* DragDropGameView.swift */ = {isa = PBXFileReference; lastKnownFileType = sourcecode.swift; path = DragDropGameView.swift; sourceTree = "<group>"; };
		11B87CD22AD0DF840057783B /* Product.swift */ = {isa = PBXFileReference; lastKnownFileType = sourcecode.swift; path = Product.swift; sourceTree = "<group>"; };
		11B87CD42AD0E01E0057783B /* QuickSearch.swift */ = {isa = PBXFileReference; lastKnownFileType = sourcecode.swift; path = QuickSearch.swift; sourceTree = "<group>"; };
		11B87CD62AD0E1010057783B /* GarbageCategory.swift */ = {isa = PBXFileReference; lastKnownFileType = sourcecode.swift; path = GarbageCategory.swift; sourceTree = "<group>"; };
		11B87CD82AD0E2230057783B /* RecycleType.swift */ = {isa = PBXFileReference; lastKnownFileType = sourcecode.swift; path = RecycleType.swift; sourceTree = "<group>"; };
		11B87CDA2AD0E3580057783B /* QuizObject.swift */ = {isa = PBXFileReference; lastKnownFileType = sourcecode.swift; path = QuizObject.swift; sourceTree = "<group>"; };
		11B87CDD2AD16DC50057783B /* MainViewModel.swift */ = {isa = PBXFileReference; lastKnownFileType = sourcecode.swift; path = MainViewModel.swift; sourceTree = "<group>"; };
		11D1E5932AE5CA5B005C08C2 /* Fonts */ = {isa = PBXFileReference; lastKnownFileType = folder; path = Fonts; sourceTree = "<group>"; };
		11DE11282AD414C5008812F8 /* QuizGameView.swift */ = {isa = PBXFileReference; lastKnownFileType = sourcecode.swift; path = QuizGameView.swift; sourceTree = "<group>"; };
		11DE112A2AD438A9008812F8 /* GameUtils.swift */ = {isa = PBXFileReference; lastKnownFileType = sourcecode.swift; path = GameUtils.swift; sourceTree = "<group>"; };
		11EACF072ADC8A1B00A51736 /* UIScreen+extensions.swift */ = {isa = PBXFileReference; lastKnownFileType = sourcecode.swift; path = "UIScreen+extensions.swift"; sourceTree = "<group>"; };
		11EAD76A2AE47905001AC2BC /* Shake+extensions.swift */ = {isa = PBXFileReference; lastKnownFileType = sourcecode.swift; path = "Shake+extensions.swift"; sourceTree = "<group>"; };
		11EAD76C2AE4803D001AC2BC /* AppSettings.swift */ = {isa = PBXFileReference; lastKnownFileType = sourcecode.swift; path = AppSettings.swift; sourceTree = "<group>"; };
		11EAD76E2AE48281001AC2BC /* SharingSuccessDialogView.swift */ = {isa = PBXFileReference; lastKnownFileType = sourcecode.swift; path = SharingSuccessDialogView.swift; sourceTree = "<group>"; };
		11EAD7722AE485F6001AC2BC /* View+extension.swift */ = {isa = PBXFileReference; lastKnownFileType = sourcecode.swift; path = "View+extension.swift"; sourceTree = "<group>"; };
		11EAD7762AE48B73001AC2BC /* AppStoreReviewUtils.swift */ = {isa = PBXFileReference; lastKnownFileType = sourcecode.swift; path = AppStoreReviewUtils.swift; sourceTree = "<group>"; };
		11F620262AC25A03005FB2EC /* Binit.app */ = {isa = PBXFileReference; explicitFileType = wrapper.application; includeInIndex = 0; path = Binit.app; sourceTree = BUILT_PRODUCTS_DIR; };
		11F620292AC25A03005FB2EC /* BinitApp.swift */ = {isa = PBXFileReference; lastKnownFileType = sourcecode.swift; path = BinitApp.swift; sourceTree = "<group>"; };
		11F6202B2AC25A03005FB2EC /* ContentView.swift */ = {isa = PBXFileReference; lastKnownFileType = sourcecode.swift; path = ContentView.swift; sourceTree = "<group>"; };
		11F6202D2AC25A06005FB2EC /* Assets.xcassets */ = {isa = PBXFileReference; lastKnownFileType = folder.assetcatalog; path = Assets.xcassets; sourceTree = "<group>"; };
		11F620302AC25A06005FB2EC /* Preview Assets.xcassets */ = {isa = PBXFileReference; lastKnownFileType = folder.assetcatalog; path = "Preview Assets.xcassets"; sourceTree = "<group>"; };
		11F620362AC25A06005FB2EC /* BinitTests.xctest */ = {isa = PBXFileReference; explicitFileType = wrapper.cfbundle; includeInIndex = 0; path = BinitTests.xctest; sourceTree = BUILT_PRODUCTS_DIR; };
		11F6203A2AC25A06005FB2EC /* BinitTests.swift */ = {isa = PBXFileReference; lastKnownFileType = sourcecode.swift; path = BinitTests.swift; sourceTree = "<group>"; };
		11F620402AC25A06005FB2EC /* BinitUITests.xctest */ = {isa = PBXFileReference; explicitFileType = wrapper.cfbundle; includeInIndex = 0; path = BinitUITests.xctest; sourceTree = BUILT_PRODUCTS_DIR; };
		11F620442AC25A06005FB2EC /* BinitUITests.swift */ = {isa = PBXFileReference; lastKnownFileType = sourcecode.swift; path = BinitUITests.swift; sourceTree = "<group>"; };
		11F620462AC25A06005FB2EC /* BinitUITestsLaunchTests.swift */ = {isa = PBXFileReference; lastKnownFileType = sourcecode.swift; path = BinitUITestsLaunchTests.swift; sourceTree = "<group>"; };
		11F6205A2AC25AEC005FB2EC /* SplashScreenView.swift */ = {isa = PBXFileReference; lastKnownFileType = sourcecode.swift; path = SplashScreenView.swift; sourceTree = "<group>"; };
		11F6205C2AC25BE8005FB2EC /* LandingView.swift */ = {isa = PBXFileReference; lastKnownFileType = sourcecode.swift; path = LandingView.swift; sourceTree = "<group>"; };
		11F620602AC25EA9005FB2EC /* Inter-Regular.ttf */ = {isa = PBXFileReference; lastKnownFileType = file; path = "Inter-Regular.ttf"; sourceTree = "<group>"; };
		11F620612AC25EA9005FB2EC /* Inter-SemiBold.ttf */ = {isa = PBXFileReference; lastKnownFileType = file; path = "Inter-SemiBold.ttf"; sourceTree = "<group>"; };
		11F620622AC25EA9005FB2EC /* Inter-Bold.ttf */ = {isa = PBXFileReference; lastKnownFileType = file; path = "Inter-Bold.ttf"; sourceTree = "<group>"; };
		11F620632AC25EAA005FB2EC /* Inter-Medium.ttf */ = {isa = PBXFileReference; lastKnownFileType = file; path = "Inter-Medium.ttf"; sourceTree = "<group>"; };
		11F620642AC25ECB005FB2EC /* Info.plist */ = {isa = PBXFileReference; lastKnownFileType = text.plist; path = Info.plist; sourceTree = "<group>"; };
		11F923BB2AD2E7B9002B40FD /* ViewUtils.swift */ = {isa = PBXFileReference; lastKnownFileType = sourcecode.swift; path = ViewUtils.swift; sourceTree = "<group>"; };
		11F923BD2AD2F7C6002B40FD /* AttributedTextView.swift */ = {isa = PBXFileReference; lastKnownFileType = sourcecode.swift; path = AttributedTextView.swift; sourceTree = "<group>"; };
		11F923BF2AD2F8BB002B40FD /* ArticleDetailsView.swift */ = {isa = PBXFileReference; lastKnownFileType = sourcecode.swift; path = ArticleDetailsView.swift; sourceTree = "<group>"; };
		11F923C12AD301FA002B40FD /* SuggestionsConts.swift */ = {isa = PBXFileReference; lastKnownFileType = sourcecode.swift; path = SuggestionsConts.swift; sourceTree = "<group>"; };
		11F923C32AD304A9002B40FD /* SearchViewModel.swift */ = {isa = PBXFileReference; lastKnownFileType = sourcecode.swift; path = SearchViewModel.swift; sourceTree = "<group>"; };
		11F923CE2AD35CA5002B40FD /* FirebaseUtils.swift */ = {isa = PBXFileReference; lastKnownFileType = sourcecode.swift; path = FirebaseUtils.swift; sourceTree = "<group>"; };
		11F923D02AD35E50002B40FD /* Utils.swift */ = {isa = PBXFileReference; lastKnownFileType = sourcecode.swift; path = Utils.swift; sourceTree = "<group>"; };
		11F923D22AD368D7002B40FD /* AppIndicatorView.swift */ = {isa = PBXFileReference; lastKnownFileType = sourcecode.swift; path = AppIndicatorView.swift; sourceTree = "<group>"; };
		11F923D42AD369F5002B40FD /* GoogleService-Info.plist */ = {isa = PBXFileReference; fileEncoding = 4; lastKnownFileType = text.plist.xml; path = "GoogleService-Info.plist"; sourceTree = "<group>"; };
/* End PBXFileReference section */

/* Begin PBXFrameworksBuildPhase section */
		11F620232AC25A03005FB2EC /* Frameworks */ = {
			isa = PBXFrameworksBuildPhase;
			buildActionMask = 2147483647;
			files = (
				11F923C72AD35C7D002B40FD /* FirebaseAnalytics in Frameworks */,
				116C1C492ACE3AE50006879F /* RxMoya in Frameworks */,
				1152D0682AC507E80067AE02 /* SDWebImageSwiftUI in Frameworks */,
				11F923CD2AD35C7D002B40FD /* FirebaseStorage in Frameworks */,
				116C1C402ACE39A40006879F /* Alamofire in Frameworks */,
				116C1C452ACE3AE50006879F /* Moya in Frameworks */,
				116C1C472ACE3AE50006879F /* ReactiveMoya in Frameworks */,
				11F923CB2AD35C7D002B40FD /* FirebaseCrashlytics in Frameworks */,
				116C1C432ACE3AE50006879F /* CombineMoya in Frameworks */,
				11F923C92AD35C7D002B40FD /* FirebaseAuth in Frameworks */,
			);
			runOnlyForDeploymentPostprocessing = 0;
		};
		11F620332AC25A06005FB2EC /* Frameworks */ = {
			isa = PBXFrameworksBuildPhase;
			buildActionMask = 2147483647;
			files = (
			);
			runOnlyForDeploymentPostprocessing = 0;
		};
		11F6203D2AC25A06005FB2EC /* Frameworks */ = {
			isa = PBXFrameworksBuildPhase;
			buildActionMask = 2147483647;
			files = (
			);
			runOnlyForDeploymentPostprocessing = 0;
		};
/* End PBXFrameworksBuildPhase section */

/* Begin PBXGroup section */
		110412A02ADBFFCF00E15B86 /* drag_and_drop */ = {
			isa = PBXGroup;
			children = (
				110412A12ADBFFE800E15B86 /* DragState.swift */,
				110412A32ADC000C00E15B86 /* DragableObject.swift */,
				110412A52ADC003500E15B86 /* DropAreaOverlay.swift */,
				110412A72ADC006800E15B86 /* DropReceivableObservableObject.swift */,
				110412A92ADC007E00E15B86 /* DropReceiver.swift */,
				110412AB2ADC00A100E15B86 /* Utility+onRotate.swift */,
			);
			path = drag_and_drop;
			sourceTree = "<group>";
		};
		1152D0562AC2611D0067AE02 /* extensions */ = {
			isa = PBXGroup;
			children = (
				1152D0542AC260CC0067AE02 /* Color+extensions.swift */,
				116C1C232AC9B37C0006879F /* Strings+extensions.swift */,
				11EACF072ADC8A1B00A51736 /* UIScreen+extensions.swift */,
				11EAD76A2AE47905001AC2BC /* Shake+extensions.swift */,
				11EAD7722AE485F6001AC2BC /* View+extension.swift */,
			);
			path = extensions;
			sourceTree = "<group>";
		};
		1152D05C2AC264DA0067AE02 /* custom_views */ = {
			isa = PBXGroup;
			children = (
				11EAD7712AE482A0001AC2BC /* textviews */,
				11EAD7702AE48291001AC2BC /* buttons */,
				110412A02ADBFFCF00E15B86 /* drag_and_drop */,
				11F923D22AD368D7002B40FD /* AppIndicatorView.swift */,
				11EAD76E2AE48281001AC2BC /* SharingSuccessDialogView.swift */,
			);
			path = custom_views;
			sourceTree = "<group>";
		};
		1152D05F2AC3B4B70067AE02 /* main */ = {
			isa = PBXGroup;
			children = (
				116C1C312ACA24BC0006879F /* games */,
				1152D06F2AC8E0C30067AE02 /* settings */,
				1152D0602AC3B4C70067AE02 /* HomeView.swift */,
				1152D0692AC50A350067AE02 /* MainView.swift */,
				1152D06B2AC7A3280067AE02 /* CollectionScheduleView.swift */,
				1152D06D2AC7AAF40067AE02 /* DropOffLocationsView.swift */,
				116C1C2F2ACA19000006879F /* GarbageDetailsView.swift */,
				116C1C342ACA26EB0006879F /* SearchListView.swift */,
				11F923BF2AD2F8BB002B40FD /* ArticleDetailsView.swift */,
			);
			path = main;
			sourceTree = "<group>";
		};
		1152D06F2AC8E0C30067AE02 /* settings */ = {
			isa = PBXGroup;
			children = (
				1152D0702AC8E0D20067AE02 /* SettingsView.swift */,
				1152D0722AC8E4050067AE02 /* InviteFriendView.swift */,
				116C1C212AC9AF1C0006879F /* FeedbackView.swift */,
				116C1C292ACA0B010006879F /* ContactUsView.swift */,
				116C1C2B2ACA10EF0006879F /* AboutUsView.swift */,
				116C1C2D2ACA13980006879F /* ReportProblemView.swift */,
			);
			path = settings;
			sourceTree = "<group>";
		};
		116C1C312ACA24BC0006879F /* games */ = {
			isa = PBXGroup;
			children = (
				116C1C322ACA24DC0006879F /* GamesListView.swift */,
				11DE11282AD414C5008812F8 /* QuizGameView.swift */,
				119270CA2AD774B50021E109 /* DragDropGameView.swift */,
			);
			path = games;
			sourceTree = "<group>";
		};
		116C1C4B2ACE3D100006879F /* requests */ = {
			isa = PBXGroup;
			children = (
				116C1C4C2ACE3D2C0006879F /* SuggestRequest.swift */,
			);
			path = requests;
			sourceTree = "<group>";
		};
		116C1C542ACE41870006879F /* responses */ = {
			isa = PBXGroup;
			children = (
				116C1C552ACE41970006879F /* Article.swift */,
				11B87CD22AD0DF840057783B /* Product.swift */,
				11B87CD42AD0E01E0057783B /* QuickSearch.swift */,
				11B87CD62AD0E1010057783B /* GarbageCategory.swift */,
				11B87CDA2AD0E3580057783B /* QuizObject.swift */,
			);
			path = responses;
			sourceTree = "<group>";
		};
		11B87CDC2AD16DAE0057783B /* main */ = {
			isa = PBXGroup;
			children = (
				11B87CDD2AD16DC50057783B /* MainViewModel.swift */,
				11F923C32AD304A9002B40FD /* SearchViewModel.swift */,
			);
			path = main;
			sourceTree = "<group>";
		};
		11EAD7702AE48291001AC2BC /* buttons */ = {
			isa = PBXGroup;
			children = (
				1152D05D2AC264F10067AE02 /* AppDefaultButton.swift */,
				116C1C362ACB97F30006879F /* AppDefaultNotButton.swift */,
			);
			path = buttons;
			sourceTree = "<group>";
		};
		11EAD7712AE482A0001AC2BC /* textviews */ = {
			isa = PBXGroup;
			children = (
				116C1C252AC9B5A40006879F /* AppDefaultTextFieldView.swift */,
				11F923BD2AD2F7C6002B40FD /* AttributedTextView.swift */,
			);
			path = textviews;
			sourceTree = "<group>";
		};
		11F6201D2AC25A03005FB2EC = {
			isa = PBXGroup;
			children = (
				11F620282AC25A03005FB2EC /* Binit */,
				11F620392AC25A06005FB2EC /* BinitTests */,
				11F620432AC25A06005FB2EC /* BinitUITests */,
				11F620272AC25A03005FB2EC /* Products */,
			);
			sourceTree = "<group>";
		};
		11F620272AC25A03005FB2EC /* Products */ = {
			isa = PBXGroup;
			children = (
				11F620262AC25A03005FB2EC /* Binit.app */,
				11F620362AC25A06005FB2EC /* BinitTests.xctest */,
				11F620402AC25A06005FB2EC /* BinitUITests.xctest */,
			);
			name = Products;
			sourceTree = "<group>";
		};
		11F620282AC25A03005FB2EC /* Binit */ = {
			isa = PBXGroup;
			children = (
				11F923D42AD369F5002B40FD /* GoogleService-Info.plist */,
				11F6205F2AC25E75005FB2EC /* Fonts */,
				11F6205E2AC25DFB005FB2EC /* resources */,
				11F620532AC25A2B005FB2EC /* network */,
				11F620542AC25A62005FB2EC /* repository */,
				1152D0562AC2611D0067AE02 /* extensions */,
				11F620642AC25ECB005FB2EC /* Info.plist */,
				11F620582AC25A8D005FB2EC /* utils */,
				11F620572AC25A83005FB2EC /* views */,
				11F620562AC25A76005FB2EC /* models */,
				11F620552AC25A6E005FB2EC /* viewmodels */,
				11F620292AC25A03005FB2EC /* BinitApp.swift */,
				11F6202B2AC25A03005FB2EC /* ContentView.swift */,
				11F6202D2AC25A06005FB2EC /* Assets.xcassets */,
				11F6202F2AC25A06005FB2EC /* Preview Content */,
			);
			path = Binit;
			sourceTree = "<group>";
		};
		11F6202F2AC25A06005FB2EC /* Preview Content */ = {
			isa = PBXGroup;
			children = (
				11F620302AC25A06005FB2EC /* Preview Assets.xcassets */,
			);
			path = "Preview Content";
			sourceTree = "<group>";
		};
		11F620392AC25A06005FB2EC /* BinitTests */ = {
			isa = PBXGroup;
			children = (
				11F6203A2AC25A06005FB2EC /* BinitTests.swift */,
			);
			path = BinitTests;
			sourceTree = "<group>";
		};
		11F620432AC25A06005FB2EC /* BinitUITests */ = {
			isa = PBXGroup;
			children = (
				11F620442AC25A06005FB2EC /* BinitUITests.swift */,
				11F620462AC25A06005FB2EC /* BinitUITestsLaunchTests.swift */,
			);
			path = BinitUITests;
			sourceTree = "<group>";
		};
		11F620532AC25A2B005FB2EC /* network */ = {
			isa = PBXGroup;
			children = (
				116C1C392ACC27D80006879F /* BinitApi.swift */,
				116C1C4E2ACE3FD40006879F /* BinitRoutes.swift */,
				116C1C502ACE40670006879F /* BError.swift */,
				116C1C522ACE40D30006879F /* BinitGenerics.swift */,
				11F923CE2AD35CA5002B40FD /* FirebaseUtils.swift */,
			);
			path = network;
			sourceTree = "<group>";
		};
		11F620542AC25A62005FB2EC /* repository */ = {
			isa = PBXGroup;
			children = (
				116C1C3C2ACC28280006879F /* BinitRepository.swift */,
			);
			path = repository;
			sourceTree = "<group>";
		};
		11F620552AC25A6E005FB2EC /* viewmodels */ = {
			isa = PBXGroup;
			children = (
				11B87CDC2AD16DAE0057783B /* main */,
			);
			path = viewmodels;
			sourceTree = "<group>";
		};
		11F620562AC25A76005FB2EC /* models */ = {
			isa = PBXGroup;
			children = (
				116C1C542ACE41870006879F /* responses */,
				116C1C4B2ACE3D100006879F /* requests */,
				11B87CD82AD0E2230057783B /* RecycleType.swift */,
			);
			path = models;
			sourceTree = "<group>";
		};
		11F620572AC25A83005FB2EC /* views */ = {
			isa = PBXGroup;
			children = (
				1152D05C2AC264DA0067AE02 /* custom_views */,
				1152D05F2AC3B4B70067AE02 /* main */,
				11F620592AC25AA6005FB2EC /* landing */,
			);
			path = views;
			sourceTree = "<group>";
		};
		11F620582AC25A8D005FB2EC /* utils */ = {
			isa = PBXGroup;
			children = (
				1152D0522AC260490067AE02 /* FontUtils.swift */,
				1152D0622AC3BA830067AE02 /* PaddingConsts.swift */,
				1152D0642AC501E40067AE02 /* GarbageUtils.swift */,
				11F923BB2AD2E7B9002B40FD /* ViewUtils.swift */,
				11F923C12AD301FA002B40FD /* SuggestionsConts.swift */,
				11F923D02AD35E50002B40FD /* Utils.swift */,
				11DE112A2AD438A9008812F8 /* GameUtils.swift */,
				11EAD76C2AE4803D001AC2BC /* AppSettings.swift */,
				11EAD7762AE48B73001AC2BC /* AppStoreReviewUtils.swift */,
			);
			path = utils;
			sourceTree = "<group>";
		};
		11F620592AC25AA6005FB2EC /* landing */ = {
			isa = PBXGroup;
			children = (
				11F6205A2AC25AEC005FB2EC /* SplashScreenView.swift */,
				11F6205C2AC25BE8005FB2EC /* LandingView.swift */,
			);
			path = landing;
			sourceTree = "<group>";
		};
		11F6205E2AC25DFB005FB2EC /* resources */ = {
			isa = PBXGroup;
			children = (
				1152D05B2AC263F20067AE02 /* Localizable.strings */,
			);
			path = resources;
			sourceTree = "<group>";
		};
		11F6205F2AC25E75005FB2EC /* Fonts */ = {
			isa = PBXGroup;
			children = (
				11F620622AC25EA9005FB2EC /* Inter-Bold.ttf */,
				11F620632AC25EAA005FB2EC /* Inter-Medium.ttf */,
				11F620602AC25EA9005FB2EC /* Inter-Regular.ttf */,
				11F620612AC25EA9005FB2EC /* Inter-SemiBold.ttf */,
				11D1E5932AE5CA5B005C08C2 /* Fonts */,
			);
			path = Fonts;
			sourceTree = "<group>";
		};
/* End PBXGroup section */

/* Begin PBXNativeTarget section */
		11F620252AC25A03005FB2EC /* Binit */ = {
			isa = PBXNativeTarget;
			buildConfigurationList = 11F6204A2AC25A06005FB2EC /* Build configuration list for PBXNativeTarget "Binit" */;
			buildPhases = (
				11F620222AC25A03005FB2EC /* Sources */,
				11F620232AC25A03005FB2EC /* Frameworks */,
				11F620242AC25A03005FB2EC /* Resources */,
			);
			buildRules = (
			);
			dependencies = (
			);
			name = Binit;
			packageProductDependencies = (
				1152D0672AC507E80067AE02 /* SDWebImageSwiftUI */,
				116C1C3F2ACE39A40006879F /* Alamofire */,
				116C1C422ACE3AE50006879F /* CombineMoya */,
				116C1C442ACE3AE50006879F /* Moya */,
				116C1C462ACE3AE50006879F /* ReactiveMoya */,
				116C1C482ACE3AE50006879F /* RxMoya */,
				11F923C62AD35C7D002B40FD /* FirebaseAnalytics */,
				11F923C82AD35C7D002B40FD /* FirebaseAuth */,
				11F923CA2AD35C7D002B40FD /* FirebaseCrashlytics */,
				11F923CC2AD35C7D002B40FD /* FirebaseStorage */,
			);
			productName = Binit;
			productReference = 11F620262AC25A03005FB2EC /* Binit.app */;
			productType = "com.apple.product-type.application";
		};
		11F620352AC25A06005FB2EC /* BinitTests */ = {
			isa = PBXNativeTarget;
			buildConfigurationList = 11F6204D2AC25A06005FB2EC /* Build configuration list for PBXNativeTarget "BinitTests" */;
			buildPhases = (
				11F620322AC25A06005FB2EC /* Sources */,
				11F620332AC25A06005FB2EC /* Frameworks */,
				11F620342AC25A06005FB2EC /* Resources */,
			);
			buildRules = (
			);
			dependencies = (
				11F620382AC25A06005FB2EC /* PBXTargetDependency */,
			);
			name = BinitTests;
			productName = BinitTests;
			productReference = 11F620362AC25A06005FB2EC /* BinitTests.xctest */;
			productType = "com.apple.product-type.bundle.unit-test";
		};
		11F6203F2AC25A06005FB2EC /* BinitUITests */ = {
			isa = PBXNativeTarget;
			buildConfigurationList = 11F620502AC25A06005FB2EC /* Build configuration list for PBXNativeTarget "BinitUITests" */;
			buildPhases = (
				11F6203C2AC25A06005FB2EC /* Sources */,
				11F6203D2AC25A06005FB2EC /* Frameworks */,
				11F6203E2AC25A06005FB2EC /* Resources */,
			);
			buildRules = (
			);
			dependencies = (
				11F620422AC25A06005FB2EC /* PBXTargetDependency */,
			);
			name = BinitUITests;
			productName = BinitUITests;
			productReference = 11F620402AC25A06005FB2EC /* BinitUITests.xctest */;
			productType = "com.apple.product-type.bundle.ui-testing";
		};
/* End PBXNativeTarget section */

/* Begin PBXProject section */
		11F6201E2AC25A03005FB2EC /* Project object */ = {
			isa = PBXProject;
			attributes = {
				BuildIndependentTargetsInParallel = 1;
				LastSwiftUpdateCheck = 1430;
				LastUpgradeCheck = 1430;
				TargetAttributes = {
					11F620252AC25A03005FB2EC = {
						CreatedOnToolsVersion = 14.3.1;
					};
					11F620352AC25A06005FB2EC = {
						CreatedOnToolsVersion = 14.3.1;
						TestTargetID = 11F620252AC25A03005FB2EC;
					};
					11F6203F2AC25A06005FB2EC = {
						CreatedOnToolsVersion = 14.3.1;
						TestTargetID = 11F620252AC25A03005FB2EC;
					};
				};
			};
			buildConfigurationList = 11F620212AC25A03005FB2EC /* Build configuration list for PBXProject "Binit" */;
			compatibilityVersion = "Xcode 14.0";
			developmentRegion = en;
			hasScannedForEncodings = 0;
			knownRegions = (
				en,
				Base,
			);
			mainGroup = 11F6201D2AC25A03005FB2EC;
			packageReferences = (
				1152D0662AC507E80067AE02 /* XCRemoteSwiftPackageReference "SDWebImageSwiftUI" */,
				116C1C3E2ACE39A40006879F /* XCRemoteSwiftPackageReference "Alamofire" */,
				116C1C412ACE3AE50006879F /* XCRemoteSwiftPackageReference "Moya" */,
				11F923C52AD35C7D002B40FD /* XCRemoteSwiftPackageReference "firebase-ios-sdk" */,
			);
			productRefGroup = 11F620272AC25A03005FB2EC /* Products */;
			projectDirPath = "";
			projectRoot = "";
			targets = (
				11F620252AC25A03005FB2EC /* Binit */,
				11F620352AC25A06005FB2EC /* BinitTests */,
				11F6203F2AC25A06005FB2EC /* BinitUITests */,
			);
		};
/* End PBXProject section */

/* Begin PBXResourcesBuildPhase section */
		11F620242AC25A03005FB2EC /* Resources */ = {
			isa = PBXResourcesBuildPhase;
			buildActionMask = 2147483647;
			files = (
				11D1E5942AE5CA5B005C08C2 /* Fonts in Resources */,
				11F620312AC25A06005FB2EC /* Preview Assets.xcassets in Resources */,
				11F923D52AD369F5002B40FD /* GoogleService-Info.plist in Resources */,
				1152D0592AC263F20067AE02 /* Localizable.strings in Resources */,
				11F6202E2AC25A06005FB2EC /* Assets.xcassets in Resources */,
			);
			runOnlyForDeploymentPostprocessing = 0;
		};
		11F620342AC25A06005FB2EC /* Resources */ = {
			isa = PBXResourcesBuildPhase;
			buildActionMask = 2147483647;
			files = (
			);
			runOnlyForDeploymentPostprocessing = 0;
		};
		11F6203E2AC25A06005FB2EC /* Resources */ = {
			isa = PBXResourcesBuildPhase;
			buildActionMask = 2147483647;
			files = (
			);
			runOnlyForDeploymentPostprocessing = 0;
		};
/* End PBXResourcesBuildPhase section */

/* Begin PBXSourcesBuildPhase section */
		11F620222AC25A03005FB2EC /* Sources */ = {
			isa = PBXSourcesBuildPhase;
			buildActionMask = 2147483647;
			files = (
				11F923CF2AD35CA5002B40FD /* FirebaseUtils.swift in Sources */,
				11F6205D2AC25BE8005FB2EC /* LandingView.swift in Sources */,
				116C1C512ACE40670006879F /* BError.swift in Sources */,
				11B87CDB2AD0E3580057783B /* QuizObject.swift in Sources */,
				116C1C2A2ACA0B010006879F /* ContactUsView.swift in Sources */,
				1152D05E2AC264F10067AE02 /* AppDefaultButton.swift in Sources */,
				11EAD76F2AE48281001AC2BC /* SharingSuccessDialogView.swift in Sources */,
				1152D06E2AC7AAF40067AE02 /* DropOffLocationsView.swift in Sources */,
				11EAD7772AE48B73001AC2BC /* AppStoreReviewUtils.swift in Sources */,
				11B87CD52AD0E01E0057783B /* QuickSearch.swift in Sources */,
				11F923D32AD368D7002B40FD /* AppIndicatorView.swift in Sources */,
				11EAD7732AE485F6001AC2BC /* View+extension.swift in Sources */,
				11B87CD72AD0E1010057783B /* GarbageCategory.swift in Sources */,
				11EAD76D2AE4803D001AC2BC /* AppSettings.swift in Sources */,
				11B87CD32AD0DF840057783B /* Product.swift in Sources */,
				1152D0732AC8E4050067AE02 /* InviteFriendView.swift in Sources */,
				116C1C262AC9B5A40006879F /* AppDefaultTextFieldView.swift in Sources */,
				11F923BE2AD2F7C6002B40FD /* AttributedTextView.swift in Sources */,
				119270CB2AD774B50021E109 /* DragDropGameView.swift in Sources */,
				110412AA2ADC007E00E15B86 /* DropReceiver.swift in Sources */,
				116C1C2C2ACA10EF0006879F /* AboutUsView.swift in Sources */,
				116C1C2E2ACA13980006879F /* ReportProblemView.swift in Sources */,
				11B87CDE2AD16DC50057783B /* MainViewModel.swift in Sources */,
				11DE11292AD414C5008812F8 /* QuizGameView.swift in Sources */,
				11F6202C2AC25A03005FB2EC /* ContentView.swift in Sources */,
				1152D0532AC260490067AE02 /* FontUtils.swift in Sources */,
				110412A42ADC000C00E15B86 /* DragableObject.swift in Sources */,
				116C1C4D2ACE3D2C0006879F /* SuggestRequest.swift in Sources */,
				116C1C562ACE41970006879F /* Article.swift in Sources */,
				110412A62ADC003500E15B86 /* DropAreaOverlay.swift in Sources */,
				11EAD76B2AE47905001AC2BC /* Shake+extensions.swift in Sources */,
				11F923D12AD35E50002B40FD /* Utils.swift in Sources */,
				110412AC2ADC00A100E15B86 /* Utility+onRotate.swift in Sources */,
				1152D0552AC260CC0067AE02 /* Color+extensions.swift in Sources */,
				1152D0612AC3B4C70067AE02 /* HomeView.swift in Sources */,
				116C1C352ACA26EB0006879F /* SearchListView.swift in Sources */,
				1152D0712AC8E0D20067AE02 /* SettingsView.swift in Sources */,
				116C1C332ACA24DC0006879F /* GamesListView.swift in Sources */,
				11B87CD92AD0E2230057783B /* RecycleType.swift in Sources */,
				116C1C4F2ACE3FD40006879F /* BinitRoutes.swift in Sources */,
				110412A22ADBFFE800E15B86 /* DragState.swift in Sources */,
				116C1C3A2ACC27D80006879F /* BinitApi.swift in Sources */,
				11EACF082ADC8A1B00A51736 /* UIScreen+extensions.swift in Sources */,
				11F6202A2AC25A03005FB2EC /* BinitApp.swift in Sources */,
				116C1C372ACB97F30006879F /* AppDefaultNotButton.swift in Sources */,
				1152D06A2AC50A350067AE02 /* MainView.swift in Sources */,
				11F923BC2AD2E7B9002B40FD /* ViewUtils.swift in Sources */,
				11F923C42AD304A9002B40FD /* SearchViewModel.swift in Sources */,
				116C1C3D2ACC28280006879F /* BinitRepository.swift in Sources */,
				11DE112B2AD438A9008812F8 /* GameUtils.swift in Sources */,
				1152D0652AC501E40067AE02 /* GarbageUtils.swift in Sources */,
				11F6205B2AC25AEC005FB2EC /* SplashScreenView.swift in Sources */,
				116C1C222AC9AF1C0006879F /* FeedbackView.swift in Sources */,
				11F923C22AD301FA002B40FD /* SuggestionsConts.swift in Sources */,
				11F923C02AD2F8BB002B40FD /* ArticleDetailsView.swift in Sources */,
				1152D0632AC3BA830067AE02 /* PaddingConsts.swift in Sources */,
				116C1C242AC9B37C0006879F /* Strings+extensions.swift in Sources */,
				1152D06C2AC7A3280067AE02 /* CollectionScheduleView.swift in Sources */,
				116C1C532ACE40D30006879F /* BinitGenerics.swift in Sources */,
				116C1C302ACA19000006879F /* GarbageDetailsView.swift in Sources */,
				110412A82ADC006800E15B86 /* DropReceivableObservableObject.swift in Sources */,
			);
			runOnlyForDeploymentPostprocessing = 0;
		};
		11F620322AC25A06005FB2EC /* Sources */ = {
			isa = PBXSourcesBuildPhase;
			buildActionMask = 2147483647;
			files = (
				11F6203B2AC25A06005FB2EC /* BinitTests.swift in Sources */,
			);
			runOnlyForDeploymentPostprocessing = 0;
		};
		11F6203C2AC25A06005FB2EC /* Sources */ = {
			isa = PBXSourcesBuildPhase;
			buildActionMask = 2147483647;
			files = (
				11F620452AC25A06005FB2EC /* BinitUITests.swift in Sources */,
				11F620472AC25A06005FB2EC /* BinitUITestsLaunchTests.swift in Sources */,
			);
			runOnlyForDeploymentPostprocessing = 0;
		};
/* End PBXSourcesBuildPhase section */

/* Begin PBXTargetDependency section */
		11F620382AC25A06005FB2EC /* PBXTargetDependency */ = {
			isa = PBXTargetDependency;
			target = 11F620252AC25A03005FB2EC /* Binit */;
			targetProxy = 11F620372AC25A06005FB2EC /* PBXContainerItemProxy */;
		};
		11F620422AC25A06005FB2EC /* PBXTargetDependency */ = {
			isa = PBXTargetDependency;
			target = 11F620252AC25A03005FB2EC /* Binit */;
			targetProxy = 11F620412AC25A06005FB2EC /* PBXContainerItemProxy */;
		};
/* End PBXTargetDependency section */

/* Begin PBXVariantGroup section */
		1152D05B2AC263F20067AE02 /* Localizable.strings */ = {
			isa = PBXVariantGroup;
			children = (
				1152D05A2AC263F20067AE02 /* en */,
			);
			name = Localizable.strings;
			sourceTree = "<group>";
		};
/* End PBXVariantGroup section */

/* Begin XCBuildConfiguration section */
		11F620482AC25A06005FB2EC /* Debug */ = {
			isa = XCBuildConfiguration;
			buildSettings = {
				ALWAYS_SEARCH_USER_PATHS = NO;
				CLANG_ANALYZER_NONNULL = YES;
				CLANG_ANALYZER_NUMBER_OBJECT_CONVERSION = YES_AGGRESSIVE;
				CLANG_CXX_LANGUAGE_STANDARD = "gnu++20";
				CLANG_ENABLE_MODULES = YES;
				CLANG_ENABLE_OBJC_ARC = YES;
				CLANG_ENABLE_OBJC_WEAK = YES;
				CLANG_WARN_BLOCK_CAPTURE_AUTORELEASING = YES;
				CLANG_WARN_BOOL_CONVERSION = YES;
				CLANG_WARN_COMMA = YES;
				CLANG_WARN_CONSTANT_CONVERSION = YES;
				CLANG_WARN_DEPRECATED_OBJC_IMPLEMENTATIONS = YES;
				CLANG_WARN_DIRECT_OBJC_ISA_USAGE = YES_ERROR;
				CLANG_WARN_DOCUMENTATION_COMMENTS = YES;
				CLANG_WARN_EMPTY_BODY = YES;
				CLANG_WARN_ENUM_CONVERSION = YES;
				CLANG_WARN_INFINITE_RECURSION = YES;
				CLANG_WARN_INT_CONVERSION = YES;
				CLANG_WARN_NON_LITERAL_NULL_CONVERSION = YES;
				CLANG_WARN_OBJC_IMPLICIT_RETAIN_SELF = YES;
				CLANG_WARN_OBJC_LITERAL_CONVERSION = YES;
				CLANG_WARN_OBJC_ROOT_CLASS = YES_ERROR;
				CLANG_WARN_QUOTED_INCLUDE_IN_FRAMEWORK_HEADER = YES;
				CLANG_WARN_RANGE_LOOP_ANALYSIS = YES;
				CLANG_WARN_STRICT_PROTOTYPES = YES;
				CLANG_WARN_SUSPICIOUS_MOVE = YES;
				CLANG_WARN_UNGUARDED_AVAILABILITY = YES_AGGRESSIVE;
				CLANG_WARN_UNREACHABLE_CODE = YES;
				CLANG_WARN__DUPLICATE_METHOD_MATCH = YES;
				COPY_PHASE_STRIP = NO;
				DEBUG_INFORMATION_FORMAT = dwarf;
				ENABLE_STRICT_OBJC_MSGSEND = YES;
				ENABLE_TESTABILITY = YES;
				GCC_C_LANGUAGE_STANDARD = gnu11;
				GCC_DYNAMIC_NO_PIC = NO;
				GCC_NO_COMMON_BLOCKS = YES;
				GCC_OPTIMIZATION_LEVEL = 0;
				GCC_PREPROCESSOR_DEFINITIONS = (
					"DEBUG=1",
					"$(inherited)",
				);
				GCC_WARN_64_TO_32_BIT_CONVERSION = YES;
				GCC_WARN_ABOUT_RETURN_TYPE = YES_ERROR;
				GCC_WARN_UNDECLARED_SELECTOR = YES;
				GCC_WARN_UNINITIALIZED_AUTOS = YES_AGGRESSIVE;
				GCC_WARN_UNUSED_FUNCTION = YES;
				GCC_WARN_UNUSED_VARIABLE = YES;
				IPHONEOS_DEPLOYMENT_TARGET = 16.4;
				MTL_ENABLE_DEBUG_INFO = INCLUDE_SOURCE;
				MTL_FAST_MATH = YES;
				ONLY_ACTIVE_ARCH = YES;
				SDKROOT = iphoneos;
				SWIFT_ACTIVE_COMPILATION_CONDITIONS = DEBUG;
				SWIFT_OPTIMIZATION_LEVEL = "-Onone";
			};
			name = Debug;
		};
		11F620492AC25A06005FB2EC /* Release */ = {
			isa = XCBuildConfiguration;
			buildSettings = {
				ALWAYS_SEARCH_USER_PATHS = NO;
				CLANG_ANALYZER_NONNULL = YES;
				CLANG_ANALYZER_NUMBER_OBJECT_CONVERSION = YES_AGGRESSIVE;
				CLANG_CXX_LANGUAGE_STANDARD = "gnu++20";
				CLANG_ENABLE_MODULES = YES;
				CLANG_ENABLE_OBJC_ARC = YES;
				CLANG_ENABLE_OBJC_WEAK = YES;
				CLANG_WARN_BLOCK_CAPTURE_AUTORELEASING = YES;
				CLANG_WARN_BOOL_CONVERSION = YES;
				CLANG_WARN_COMMA = YES;
				CLANG_WARN_CONSTANT_CONVERSION = YES;
				CLANG_WARN_DEPRECATED_OBJC_IMPLEMENTATIONS = YES;
				CLANG_WARN_DIRECT_OBJC_ISA_USAGE = YES_ERROR;
				CLANG_WARN_DOCUMENTATION_COMMENTS = YES;
				CLANG_WARN_EMPTY_BODY = YES;
				CLANG_WARN_ENUM_CONVERSION = YES;
				CLANG_WARN_INFINITE_RECURSION = YES;
				CLANG_WARN_INT_CONVERSION = YES;
				CLANG_WARN_NON_LITERAL_NULL_CONVERSION = YES;
				CLANG_WARN_OBJC_IMPLICIT_RETAIN_SELF = YES;
				CLANG_WARN_OBJC_LITERAL_CONVERSION = YES;
				CLANG_WARN_OBJC_ROOT_CLASS = YES_ERROR;
				CLANG_WARN_QUOTED_INCLUDE_IN_FRAMEWORK_HEADER = YES;
				CLANG_WARN_RANGE_LOOP_ANALYSIS = YES;
				CLANG_WARN_STRICT_PROTOTYPES = YES;
				CLANG_WARN_SUSPICIOUS_MOVE = YES;
				CLANG_WARN_UNGUARDED_AVAILABILITY = YES_AGGRESSIVE;
				CLANG_WARN_UNREACHABLE_CODE = YES;
				CLANG_WARN__DUPLICATE_METHOD_MATCH = YES;
				COPY_PHASE_STRIP = NO;
				DEBUG_INFORMATION_FORMAT = "dwarf-with-dsym";
				ENABLE_NS_ASSERTIONS = NO;
				ENABLE_STRICT_OBJC_MSGSEND = YES;
				GCC_C_LANGUAGE_STANDARD = gnu11;
				GCC_NO_COMMON_BLOCKS = YES;
				GCC_WARN_64_TO_32_BIT_CONVERSION = YES;
				GCC_WARN_ABOUT_RETURN_TYPE = YES_ERROR;
				GCC_WARN_UNDECLARED_SELECTOR = YES;
				GCC_WARN_UNINITIALIZED_AUTOS = YES_AGGRESSIVE;
				GCC_WARN_UNUSED_FUNCTION = YES;
				GCC_WARN_UNUSED_VARIABLE = YES;
				IPHONEOS_DEPLOYMENT_TARGET = 16.4;
				MTL_ENABLE_DEBUG_INFO = NO;
				MTL_FAST_MATH = YES;
				SDKROOT = iphoneos;
				SWIFT_COMPILATION_MODE = wholemodule;
				SWIFT_OPTIMIZATION_LEVEL = "-O";
				VALIDATE_PRODUCT = YES;
			};
			name = Release;
		};
		11F6204B2AC25A06005FB2EC /* Debug */ = {
			isa = XCBuildConfiguration;
			buildSettings = {
				ASSETCATALOG_COMPILER_APPICON_NAME = AppIcon;
				ASSETCATALOG_COMPILER_GLOBAL_ACCENT_COLOR_NAME = AccentColor;
				CODE_SIGN_STYLE = Automatic;
				CURRENT_PROJECT_VERSION = 1;
				DEVELOPMENT_ASSET_PATHS = "\"Binit/Preview Content\"";
				DEVELOPMENT_TEAM = 8H3L55K75Z;
				ENABLE_PREVIEWS = YES;
				GENERATE_INFOPLIST_FILE = YES;
				INFOPLIST_FILE = Binit/Info.plist;
				INFOPLIST_KEY_CFBundleDisplayName = Binit;
				INFOPLIST_KEY_LSApplicationCategoryType = "public.app-category.lifestyle";
				INFOPLIST_KEY_UIApplicationSceneManifest_Generation = YES;
				INFOPLIST_KEY_UIApplicationSupportsIndirectInputEvents = YES;
				INFOPLIST_KEY_UILaunchScreen_Generation = YES;
				INFOPLIST_KEY_UIStatusBarStyle = "";
				INFOPLIST_KEY_UISupportedInterfaceOrientations = UIInterfaceOrientationPortrait;
				IPHONEOS_DEPLOYMENT_TARGET = 16.0;
				LD_RUNPATH_SEARCH_PATHS = (
					"$(inherited)",
					"@executable_path/Frameworks",
				);
				MARKETING_VERSION = 1.0;
				PRODUCT_BUNDLE_IDENTIFIER = com.whalescale.Binit;
				PRODUCT_NAME = "$(TARGET_NAME)";
				SWIFT_EMIT_LOC_STRINGS = YES;
				SWIFT_VERSION = 5.0;
				TARGETED_DEVICE_FAMILY = "1,2";
			};
			name = Debug;
		};
		11F6204C2AC25A06005FB2EC /* Release */ = {
			isa = XCBuildConfiguration;
			buildSettings = {
				ASSETCATALOG_COMPILER_APPICON_NAME = AppIcon;
				ASSETCATALOG_COMPILER_GLOBAL_ACCENT_COLOR_NAME = AccentColor;
				CODE_SIGN_STYLE = Automatic;
				CURRENT_PROJECT_VERSION = 1;
				DEVELOPMENT_ASSET_PATHS = "\"Binit/Preview Content\"";
				DEVELOPMENT_TEAM = 8H3L55K75Z;
				ENABLE_PREVIEWS = YES;
				GENERATE_INFOPLIST_FILE = YES;
				INFOPLIST_FILE = Binit/Info.plist;
				INFOPLIST_KEY_CFBundleDisplayName = Binit;
				INFOPLIST_KEY_LSApplicationCategoryType = "public.app-category.lifestyle";
				INFOPLIST_KEY_UIApplicationSceneManifest_Generation = YES;
				INFOPLIST_KEY_UIApplicationSupportsIndirectInputEvents = YES;
				INFOPLIST_KEY_UILaunchScreen_Generation = YES;
				INFOPLIST_KEY_UIStatusBarStyle = "";
				INFOPLIST_KEY_UISupportedInterfaceOrientations = UIInterfaceOrientationPortrait;
				IPHONEOS_DEPLOYMENT_TARGET = 16.0;
				LD_RUNPATH_SEARCH_PATHS = (
					"$(inherited)",
					"@executable_path/Frameworks",
				);
				MARKETING_VERSION = 1.0;
				PRODUCT_BUNDLE_IDENTIFIER = com.whalescale.Binit;
				PRODUCT_NAME = "$(TARGET_NAME)";
				SWIFT_EMIT_LOC_STRINGS = YES;
				SWIFT_VERSION = 5.0;
				TARGETED_DEVICE_FAMILY = "1,2";
			};
			name = Release;
		};
		11F6204E2AC25A06005FB2EC /* Debug */ = {
			isa = XCBuildConfiguration;
			buildSettings = {
				ALWAYS_EMBED_SWIFT_STANDARD_LIBRARIES = YES;
				BUNDLE_LOADER = "$(TEST_HOST)";
				CODE_SIGN_STYLE = Automatic;
				CURRENT_PROJECT_VERSION = 1;
				DEVELOPMENT_TEAM = 8H3L55K75Z;
				GENERATE_INFOPLIST_FILE = YES;
				IPHONEOS_DEPLOYMENT_TARGET = 16.4;
				MARKETING_VERSION = 1.0;
				PRODUCT_BUNDLE_IDENTIFIER = com.whalescale.BinitTests;
				PRODUCT_NAME = "$(TARGET_NAME)";
				SWIFT_EMIT_LOC_STRINGS = NO;
				SWIFT_VERSION = 5.0;
				TARGETED_DEVICE_FAMILY = "1,2";
				TEST_HOST = "$(BUILT_PRODUCTS_DIR)/Binit.app/$(BUNDLE_EXECUTABLE_FOLDER_PATH)/Binit";
			};
			name = Debug;
		};
		11F6204F2AC25A06005FB2EC /* Release */ = {
			isa = XCBuildConfiguration;
			buildSettings = {
				ALWAYS_EMBED_SWIFT_STANDARD_LIBRARIES = YES;
				BUNDLE_LOADER = "$(TEST_HOST)";
				CODE_SIGN_STYLE = Automatic;
				CURRENT_PROJECT_VERSION = 1;
				DEVELOPMENT_TEAM = 8H3L55K75Z;
				GENERATE_INFOPLIST_FILE = YES;
				IPHONEOS_DEPLOYMENT_TARGET = 16.4;
				MARKETING_VERSION = 1.0;
				PRODUCT_BUNDLE_IDENTIFIER = com.whalescale.BinitTests;
				PRODUCT_NAME = "$(TARGET_NAME)";
				SWIFT_EMIT_LOC_STRINGS = NO;
				SWIFT_VERSION = 5.0;
				TARGETED_DEVICE_FAMILY = "1,2";
				TEST_HOST = "$(BUILT_PRODUCTS_DIR)/Binit.app/$(BUNDLE_EXECUTABLE_FOLDER_PATH)/Binit";
			};
			name = Release;
		};
		11F620512AC25A06005FB2EC /* Debug */ = {
			isa = XCBuildConfiguration;
			buildSettings = {
				ALWAYS_EMBED_SWIFT_STANDARD_LIBRARIES = YES;
				CODE_SIGN_STYLE = Automatic;
				CURRENT_PROJECT_VERSION = 1;
				DEVELOPMENT_TEAM = 8H3L55K75Z;
				GENERATE_INFOPLIST_FILE = YES;
				MARKETING_VERSION = 1.0;
				PRODUCT_BUNDLE_IDENTIFIER = com.whalescale.BinitUITests;
				PRODUCT_NAME = "$(TARGET_NAME)";
				SWIFT_EMIT_LOC_STRINGS = NO;
				SWIFT_VERSION = 5.0;
				TARGETED_DEVICE_FAMILY = "1,2";
				TEST_TARGET_NAME = Binit;
			};
			name = Debug;
		};
		11F620522AC25A06005FB2EC /* Release */ = {
			isa = XCBuildConfiguration;
			buildSettings = {
				ALWAYS_EMBED_SWIFT_STANDARD_LIBRARIES = YES;
				CODE_SIGN_STYLE = Automatic;
				CURRENT_PROJECT_VERSION = 1;
				DEVELOPMENT_TEAM = 8H3L55K75Z;
				GENERATE_INFOPLIST_FILE = YES;
				MARKETING_VERSION = 1.0;
				PRODUCT_BUNDLE_IDENTIFIER = com.whalescale.BinitUITests;
				PRODUCT_NAME = "$(TARGET_NAME)";
				SWIFT_EMIT_LOC_STRINGS = NO;
				SWIFT_VERSION = 5.0;
				TARGETED_DEVICE_FAMILY = "1,2";
				TEST_TARGET_NAME = Binit;
			};
			name = Release;
		};
/* End XCBuildConfiguration section */

/* Begin XCConfigurationList section */
		11F620212AC25A03005FB2EC /* Build configuration list for PBXProject "Binit" */ = {
			isa = XCConfigurationList;
			buildConfigurations = (
				11F620482AC25A06005FB2EC /* Debug */,
				11F620492AC25A06005FB2EC /* Release */,
			);
			defaultConfigurationIsVisible = 0;
			defaultConfigurationName = Release;
		};
		11F6204A2AC25A06005FB2EC /* Build configuration list for PBXNativeTarget "Binit" */ = {
			isa = XCConfigurationList;
			buildConfigurations = (
				11F6204B2AC25A06005FB2EC /* Debug */,
				11F6204C2AC25A06005FB2EC /* Release */,
			);
			defaultConfigurationIsVisible = 0;
			defaultConfigurationName = Release;
		};
		11F6204D2AC25A06005FB2EC /* Build configuration list for PBXNativeTarget "BinitTests" */ = {
			isa = XCConfigurationList;
			buildConfigurations = (
				11F6204E2AC25A06005FB2EC /* Debug */,
				11F6204F2AC25A06005FB2EC /* Release */,
			);
			defaultConfigurationIsVisible = 0;
			defaultConfigurationName = Release;
		};
		11F620502AC25A06005FB2EC /* Build configuration list for PBXNativeTarget "BinitUITests" */ = {
			isa = XCConfigurationList;
			buildConfigurations = (
				11F620512AC25A06005FB2EC /* Debug */,
				11F620522AC25A06005FB2EC /* Release */,
			);
			defaultConfigurationIsVisible = 0;
			defaultConfigurationName = Release;
		};
/* End XCConfigurationList section */

/* Begin XCRemoteSwiftPackageReference section */
		1152D0662AC507E80067AE02 /* XCRemoteSwiftPackageReference "SDWebImageSwiftUI" */ = {
			isa = XCRemoteSwiftPackageReference;
			repositoryURL = "https://github.com/SDWebImage/SDWebImageSwiftUI.git";
			requirement = {
				kind = upToNextMajorVersion;
				minimumVersion = 2.0.0;
			};
		};
		116C1C3E2ACE39A40006879F /* XCRemoteSwiftPackageReference "Alamofire" */ = {
			isa = XCRemoteSwiftPackageReference;
			repositoryURL = "https://github.com/Alamofire/Alamofire.git";
			requirement = {
				kind = upToNextMajorVersion;
				minimumVersion = 5.0.0;
			};
		};
		116C1C412ACE3AE50006879F /* XCRemoteSwiftPackageReference "Moya" */ = {
			isa = XCRemoteSwiftPackageReference;
			repositoryURL = "https://github.com/Moya/Moya.git";
			requirement = {
				kind = upToNextMajorVersion;
				minimumVersion = 15.0.0;
			};
		};
		11F923C52AD35C7D002B40FD /* XCRemoteSwiftPackageReference "firebase-ios-sdk" */ = {
			isa = XCRemoteSwiftPackageReference;
			repositoryURL = "https://github.com/firebase/firebase-ios-sdk";
			requirement = {
				kind = upToNextMajorVersion;
				minimumVersion = 10.0.0;
			};
		};
/* End XCRemoteSwiftPackageReference section */

/* Begin XCSwiftPackageProductDependency section */
		1152D0672AC507E80067AE02 /* SDWebImageSwiftUI */ = {
			isa = XCSwiftPackageProductDependency;
			package = 1152D0662AC507E80067AE02 /* XCRemoteSwiftPackageReference "SDWebImageSwiftUI" */;
			productName = SDWebImageSwiftUI;
		};
		116C1C3F2ACE39A40006879F /* Alamofire */ = {
			isa = XCSwiftPackageProductDependency;
			package = 116C1C3E2ACE39A40006879F /* XCRemoteSwiftPackageReference "Alamofire" */;
			productName = Alamofire;
		};
		116C1C422ACE3AE50006879F /* CombineMoya */ = {
			isa = XCSwiftPackageProductDependency;
			package = 116C1C412ACE3AE50006879F /* XCRemoteSwiftPackageReference "Moya" */;
			productName = CombineMoya;
		};
		116C1C442ACE3AE50006879F /* Moya */ = {
			isa = XCSwiftPackageProductDependency;
			package = 116C1C412ACE3AE50006879F /* XCRemoteSwiftPackageReference "Moya" */;
			productName = Moya;
		};
		116C1C462ACE3AE50006879F /* ReactiveMoya */ = {
			isa = XCSwiftPackageProductDependency;
			package = 116C1C412ACE3AE50006879F /* XCRemoteSwiftPackageReference "Moya" */;
			productName = ReactiveMoya;
		};
		116C1C482ACE3AE50006879F /* RxMoya */ = {
			isa = XCSwiftPackageProductDependency;
			package = 116C1C412ACE3AE50006879F /* XCRemoteSwiftPackageReference "Moya" */;
			productName = RxMoya;
		};
		11F923C62AD35C7D002B40FD /* FirebaseAnalytics */ = {
			isa = XCSwiftPackageProductDependency;
			package = 11F923C52AD35C7D002B40FD /* XCRemoteSwiftPackageReference "firebase-ios-sdk" */;
			productName = FirebaseAnalytics;
		};
		11F923C82AD35C7D002B40FD /* FirebaseAuth */ = {
			isa = XCSwiftPackageProductDependency;
			package = 11F923C52AD35C7D002B40FD /* XCRemoteSwiftPackageReference "firebase-ios-sdk" */;
			productName = FirebaseAuth;
		};
		11F923CA2AD35C7D002B40FD /* FirebaseCrashlytics */ = {
			isa = XCSwiftPackageProductDependency;
			package = 11F923C52AD35C7D002B40FD /* XCRemoteSwiftPackageReference "firebase-ios-sdk" */;
			productName = FirebaseCrashlytics;
		};
		11F923CC2AD35C7D002B40FD /* FirebaseStorage */ = {
			isa = XCSwiftPackageProductDependency;
			package = 11F923C52AD35C7D002B40FD /* XCRemoteSwiftPackageReference "firebase-ios-sdk" */;
			productName = FirebaseStorage;
		};
/* End XCSwiftPackageProductDependency section */
	};
	rootObject = 11F6201E2AC25A03005FB2EC /* Project object */;
}
